
Microsoft Visual Studio Solution File, Format Version 12.00
# Visual Studio Version 17
VisualStudioVersion = 17.8.34330.188
MinimumVisualStudioVersion = 10.0.40219.1
Project("{FAE04EC0-301F-11D3-BF4B-00C04F79EFBC}") = "LR_ONE_2", "LR_ONE_2.csproj", "{37B5CC6B-FF2F-4EF4-8CFA-C6250065F88D}"
EndProject
Global
	GlobalSection(SolutionConfigurationPlatforms) = preSolution
		Debug|Any CPU = Debug|Any CPU
		Release|Any CPU = Release|Any CPU
	EndGlobalSection
	GlobalSection(ProjectConfigurationPlatforms) = postSolution
		{37B5CC6B-FF2F-4EF4-8CFA-C6250065F88D}.Debug|Any CPU.ActiveCfg = Debug|Any CPU
		{37B5CC6B-FF2F-4EF4-8CFA-C6250065F88D}.Debug|Any CPU.Build.0 = Debug|Any CPU
		{37B5CC6B-FF2F-4EF4-8CFA-C6250065F88D}.Release|Any CPU.ActiveCfg = Release|Any CPU
		{37B5CC6B-FF2F-4EF4-8CFA-C6250065F88D}.Release|Any CPU.Build.0 = Release|Any CPU
	EndGlobalSection
	GlobalSection(SolutionProperties) = preSolution
		HideSolutionNode = FALSE
	EndGlobalSection
	GlobalSection(ExtensibilityGlobals) = postSolution
		SolutionGuid = {39B36AFB-1269-43B1-8D95-826B25A46BFE}
	EndGlobalSection
EndGlobal
